
Microsoft Visual Studio Solution File, Format Version 12.00
# Visual Studio Version 16
VisualStudioVersion = 16.0.29001.49
MinimumVisualStudioVersion = 10.0.40219.1
Project("{FAE04EC0-301F-11D3-BF4B-00C04F79EFBC}") = "MoreVehicles", "MoreVehicles\MoreVehicles.csproj", "{E3269763-D905-4A9D-B81F-721B9F00DCA4}"
EndProject
Global
	GlobalSection(SolutionConfigurationPlatforms) = preSolution
		Debug|Any CPU = Debug|Any CPU
		Release|Any CPU = Release|Any CPU
	EndGlobalSection
	GlobalSection(ProjectConfigurationPlatforms) = postSolution
		{E3269763-D905-4A9D-B81F-721B9F00DCA4}.Debug|Any CPU.ActiveCfg = Debug|Any CPU
		{E3269763-D905-4A9D-B81F-721B9F00DCA4}.Debug|Any CPU.Build.0 = Debug|Any CPU
		{E3269763-D905-4A9D-B81F-721B9F00DCA4}.Release|Any CPU.ActiveCfg = Release|Any CPU
		{E3269763-D905-4A9D-B81F-721B9F00DCA4}.Release|Any CPU.Build.0 = Release|Any CPU
	EndGlobalSection
	GlobalSection(SolutionProperties) = preSolution
		HideSolutionNode = FALSE
	EndGlobalSection
	GlobalSection(ExtensibilityGlobals) = postSolution
		SolutionGuid = {1162A4E0-C84B-47D8-900C-360FE3302C72}
	EndGlobalSection
EndGlobal
