
Microsoft Visual Studio Solution File, Format Version 12.00
# Visual Studio Version 16
VisualStudioVersion = 16.0.29001.49
MinimumVisualStudioVersion = 10.0.40219.1
Project("{9A19103F-16F7-4668-BE54-9A1E7A4F7556}") = "MoreVehicles", "MoreVehicles\MoreVehicles.csproj", "{E3269763-D905-4A9D-B81F-721B9F00DCA4}"
EndProject
Project("{2150E333-8FDC-42A3-9474-1A3956D46DE8}") = "Infrastructure", "Infrastructure", "{CC728F5C-3748-4758-AB00-102439731875}"
	ProjectSection(SolutionItems) = preProject
		.editorconfig = .editorconfig
		Directory.Build.props = Directory.Build.props
		GitVersion.yml = GitVersion.yml
		stylecop.json = stylecop.json
	EndProjectSection
EndProject
Global
	GlobalSection(SolutionConfigurationPlatforms) = preSolution
		Debug|Any CPU = Debug|Any CPU
		Release|Any CPU = Release|Any CPU
	EndGlobalSection
	GlobalSection(ProjectConfigurationPlatforms) = postSolution
		{E3269763-D905-4A9D-B81F-721B9F00DCA4}.Debug|Any CPU.ActiveCfg = Debug|Any CPU
		{E3269763-D905-4A9D-B81F-721B9F00DCA4}.Debug|Any CPU.Build.0 = Debug|Any CPU
		{E3269763-D905-4A9D-B81F-721B9F00DCA4}.Release|Any CPU.ActiveCfg = Release|Any CPU
		{E3269763-D905-4A9D-B81F-721B9F00DCA4}.Release|Any CPU.Build.0 = Release|Any CPU
	EndGlobalSection
	GlobalSection(SolutionProperties) = preSolution
		HideSolutionNode = FALSE
	EndGlobalSection
	GlobalSection(ExtensibilityGlobals) = postSolution
		SolutionGuid = {1162A4E0-C84B-47D8-900C-360FE3302C72}
	EndGlobalSection
EndGlobal
