
Microsoft Visual Studio Solution File, Format Version 12.00
# Visual Studio Version 16
VisualStudioVersion = 16.0.29001.49
MinimumVisualStudioVersion = 10.0.40219.1
Project("{FAE04EC0-301F-11D3-BF4B-00C04F79EFBC}") = "MoreVehicles", "MoreVehicles\MoreVehicles.csproj", "{E3269763-D905-4A9D-B81F-721B9F00DCA4}"
EndProject
Project("{FAE04EC0-301F-11D3-BF4B-00C04F79EFBC}") = "SkyTools", "SkyTools\src\SkyTools\SkyTools.csproj", "{F83D96EF-857A-4AA4-8C23-7D258DAD777D}"
EndProject
Global
	GlobalSection(SolutionConfigurationPlatforms) = preSolution
		Debug|x64 = Debug|x64
		Release|x64 = Release|x64
	EndGlobalSection
	GlobalSection(ProjectConfigurationPlatforms) = postSolution
		{E3269763-D905-4A9D-B81F-721B9F00DCA4}.Debug|x64.ActiveCfg = Debug|x64
		{E3269763-D905-4A9D-B81F-721B9F00DCA4}.Debug|x64.Build.0 = Debug|x64
		{E3269763-D905-4A9D-B81F-721B9F00DCA4}.Release|x64.ActiveCfg = Release|x64
		{E3269763-D905-4A9D-B81F-721B9F00DCA4}.Release|x64.Build.0 = Release|x64
		{F83D96EF-857A-4AA4-8C23-7D258DAD777D}.Debug|x64.ActiveCfg = Debug|x64
		{F83D96EF-857A-4AA4-8C23-7D258DAD777D}.Debug|x64.Build.0 = Debug|x64
		{F83D96EF-857A-4AA4-8C23-7D258DAD777D}.Release|x64.ActiveCfg = Release|x64
		{F83D96EF-857A-4AA4-8C23-7D258DAD777D}.Release|x64.Build.0 = Release|x64
	EndGlobalSection
	GlobalSection(SolutionProperties) = preSolution
		HideSolutionNode = FALSE
	EndGlobalSection
	GlobalSection(ExtensibilityGlobals) = postSolution
		SolutionGuid = {1162A4E0-C84B-47D8-900C-360FE3302C72}
	EndGlobalSection
EndGlobal
